
Microsoft Visual Studio Solution File, Format Version 12.00
# Visual Studio Version 17
VisualStudioVersion = 17.2.32519.379
MinimumVisualStudioVersion = 10.0.40219.1
Project("{FAE04EC0-301F-11D3-BF4B-00C04F79EFBC}") = "VelmaPunch", "VelmaPunch.csproj", "{929E5EC2-AB5D-4CD6-B73C-4754A88B6E31}"
EndProject
Global
	GlobalSection(SolutionConfigurationPlatforms) = preSolution
		Debug|Any CPU = Debug|Any CPU
		Release|Any CPU = Release|Any CPU
	EndGlobalSection
	GlobalSection(ProjectConfigurationPlatforms) = postSolution
		{929E5EC2-AB5D-4CD6-B73C-4754A88B6E31}.Debug|Any CPU.ActiveCfg = Debug|Any CPU
		{929E5EC2-AB5D-4CD6-B73C-4754A88B6E31}.Debug|Any CPU.Build.0 = Debug|Any CPU
		{929E5EC2-AB5D-4CD6-B73C-4754A88B6E31}.Release|Any CPU.ActiveCfg = Release|Any CPU
		{929E5EC2-AB5D-4CD6-B73C-4754A88B6E31}.Release|Any CPU.Build.0 = Release|Any CPU
	EndGlobalSection
	GlobalSection(SolutionProperties) = preSolution
		HideSolutionNode = FALSE
	EndGlobalSection
	GlobalSection(ExtensibilityGlobals) = postSolution
		SolutionGuid = {BE3B61B9-F875-4B7B-9B9E-4DC3DBC74A3C}
	EndGlobalSection
EndGlobal
